// !$*UTF8*$!
{
	archiveVersion = 1;
	classes = {
	};
	objectVersion = 50;
	objects = {

/* Begin PBXBuildFile section */
		84E31D8325392D25000758DD /* AppDelegate.m in Sources */ = {isa = PBXBuildFile; fileRef = 84E31D8225392D25000758DD /* AppDelegate.m */; };
		84E31D8E25392D27000758DD /* Assets.xcassets in Resources */ = {isa = PBXBuildFile; fileRef = 84E31D8D25392D27000758DD /* Assets.xcassets */; };
		84E31D9425392D27000758DD /* main.m in Sources */ = {isa = PBXBuildFile; fileRef = 84E31D9325392D27000758DD /* main.m */; };
		84E31D9E25392D27000758DD /* MSTTests.m in Sources */ = {isa = PBXBuildFile; fileRef = 84E31D9D25392D27000758DD /* MSTTests.m */; };
		84E31DA925392D27000758DD /* MSTUITests.m in Sources */ = {isa = PBXBuildFile; fileRef = 84E31DA825392D27000758DD /* MSTUITests.m */; };
		84E31E432539320A000758DD /* UIViewExt.m in Sources */ = {isa = PBXBuildFile; fileRef = 84E31E042539320A000758DD /* UIViewExt.m */; };
		84E31E532539320A000758DD /* MSTBaseNaivgationController.m in Sources */ = {isa = PBXBuildFile; fileRef = 84E31E2E2539320A000758DD /* MSTBaseNaivgationController.m */; };
		84E31E552539320A000758DD /* MSTTabBarController.m in Sources */ = {isa = PBXBuildFile; fileRef = 84E31E312539320A000758DD /* MSTTabBarController.m */; };
		84E31E562539320A000758DD /* MSTBaseViewController.m in Sources */ = {isa = PBXBuildFile; fileRef = 84E31E322539320A000758DD /* MSTBaseViewController.m */; };
		84E31E8025393666000758DD /* MSTHomeViewController.m in Sources */ = {isa = PBXBuildFile; fileRef = 84E31E7F25393666000758DD /* MSTHomeViewController.m */; };
		84E31E8625393689000758DD /* MSTLiveViewController.m in Sources */ = {isa = PBXBuildFile; fileRef = 84E31E8525393689000758DD /* MSTLiveViewController.m */; };
		84E31E8C25393690000758DD /* MSTMineViewController.m in Sources */ = {isa = PBXBuildFile; fileRef = 84E31E8B25393690000758DD /* MSTMineViewController.m */; };
		84E31EC025393B9F000758DD /* LaunchScreen.storyboard in Resources */ = {isa = PBXBuildFile; fileRef = 84E31EBE25393B9F000758DD /* LaunchScreen.storyboard */; };
		84E31EC125393B9F000758DD /* Main.storyboard in Resources */ = {isa = PBXBuildFile; fileRef = 84E31EBF25393B9F000758DD /* Main.storyboard */; };
		8A86425285D6C8079E8EA96A /* libPods-MST.a in Frameworks */ = {isa = PBXBuildFile; fileRef = EBF0AC5638D0F3ED984AE998 /* libPods-MST.a */; };
/* End PBXBuildFile section */

/* Begin PBXContainerItemProxy section */
		84E31D9A25392D27000758DD /* PBXContainerItemProxy */ = {
			isa = PBXContainerItemProxy;
			containerPortal = 84E31D7625392D25000758DD /* Project object */;
			proxyType = 1;
			remoteGlobalIDString = 84E31D7D25392D25000758DD;
			remoteInfo = MST;
		};
		84E31DA525392D27000758DD /* PBXContainerItemProxy */ = {
			isa = PBXContainerItemProxy;
			containerPortal = 84E31D7625392D25000758DD /* Project object */;
			proxyType = 1;
			remoteGlobalIDString = 84E31D7D25392D25000758DD;
			remoteInfo = MST;
		};
/* End PBXContainerItemProxy section */

/* Begin PBXFileReference section */
		0233A3DD12E4FE8AD35B7428 /* Pods-MST.debug.xcconfig */ = {isa = PBXFileReference; includeInIndex = 1; lastKnownFileType = text.xcconfig; name = "Pods-MST.debug.xcconfig"; path = "Target Support Files/Pods-MST/Pods-MST.debug.xcconfig"; sourceTree = "<group>"; };
		1ED30EF69862150A0FE886C5 /* Pods-MST.release.xcconfig */ = {isa = PBXFileReference; includeInIndex = 1; lastKnownFileType = text.xcconfig; name = "Pods-MST.release.xcconfig"; path = "Target Support Files/Pods-MST/Pods-MST.release.xcconfig"; sourceTree = "<group>"; };
		84E31D7E25392D25000758DD /* MST.app */ = {isa = PBXFileReference; explicitFileType = wrapper.application; includeInIndex = 0; path = MST.app; sourceTree = BUILT_PRODUCTS_DIR; };
		84E31D8125392D25000758DD /* AppDelegate.h */ = {isa = PBXFileReference; lastKnownFileType = sourcecode.c.h; path = AppDelegate.h; sourceTree = "<group>"; };
		84E31D8225392D25000758DD /* AppDelegate.m */ = {isa = PBXFileReference; lastKnownFileType = sourcecode.c.objc; path = AppDelegate.m; sourceTree = "<group>"; };
		84E31D8D25392D27000758DD /* Assets.xcassets */ = {isa = PBXFileReference; lastKnownFileType = folder.assetcatalog; path = Assets.xcassets; sourceTree = "<group>"; };
		84E31D9225392D27000758DD /* Info.plist */ = {isa = PBXFileReference; lastKnownFileType = text.plist.xml; path = Info.plist; sourceTree = "<group>"; };
		84E31D9325392D27000758DD /* main.m */ = {isa = PBXFileReference; lastKnownFileType = sourcecode.c.objc; path = main.m; sourceTree = "<group>"; };
		84E31D9925392D27000758DD /* MSTTests.xctest */ = {isa = PBXFileReference; explicitFileType = wrapper.cfbundle; includeInIndex = 0; path = MSTTests.xctest; sourceTree = BUILT_PRODUCTS_DIR; };
		84E31D9D25392D27000758DD /* MSTTests.m */ = {isa = PBXFileReference; lastKnownFileType = sourcecode.c.objc; path = MSTTests.m; sourceTree = "<group>"; };
		84E31D9F25392D27000758DD /* Info.plist */ = {isa = PBXFileReference; lastKnownFileType = text.plist.xml; path = Info.plist; sourceTree = "<group>"; };
		84E31DA425392D27000758DD /* MSTUITests.xctest */ = {isa = PBXFileReference; explicitFileType = wrapper.cfbundle; includeInIndex = 0; path = MSTUITests.xctest; sourceTree = BUILT_PRODUCTS_DIR; };
		84E31DA825392D27000758DD /* MSTUITests.m */ = {isa = PBXFileReference; lastKnownFileType = sourcecode.c.objc; path = MSTUITests.m; sourceTree = "<group>"; };
		84E31DAA25392D27000758DD /* Info.plist */ = {isa = PBXFileReference; lastKnownFileType = text.plist.xml; path = Info.plist; sourceTree = "<group>"; };
		84E31E042539320A000758DD /* UIViewExt.m */ = {isa = PBXFileReference; fileEncoding = 4; lastKnownFileType = sourcecode.c.objc; path = UIViewExt.m; sourceTree = "<group>"; };
		84E31E062539320A000758DD /* UIViewExt.h */ = {isa = PBXFileReference; fileEncoding = 4; lastKnownFileType = sourcecode.c.h; path = UIViewExt.h; sourceTree = "<group>"; };
		84E31E282539320A000758DD /* Macros.h */ = {isa = PBXFileReference; fileEncoding = 4; lastKnownFileType = sourcecode.c.h; path = Macros.h; sourceTree = "<group>"; };
		84E31E292539320A000758DD /* ThirdMacros.h */ = {isa = PBXFileReference; fileEncoding = 4; lastKnownFileType = sourcecode.c.h; path = ThirdMacros.h; sourceTree = "<group>"; };
		84E31E2B2539320A000758DD /* MSTTabBarController.h */ = {isa = PBXFileReference; fileEncoding = 4; lastKnownFileType = sourcecode.c.h; path = MSTTabBarController.h; sourceTree = "<group>"; };
		84E31E2C2539320A000758DD /* MSTBaseViewController.h */ = {isa = PBXFileReference; fileEncoding = 4; lastKnownFileType = sourcecode.c.h; path = MSTBaseViewController.h; sourceTree = "<group>"; };
		84E31E2E2539320A000758DD /* MSTBaseNaivgationController.m */ = {isa = PBXFileReference; fileEncoding = 4; lastKnownFileType = sourcecode.c.objc; path = MSTBaseNaivgationController.m; sourceTree = "<group>"; };
		84E31E312539320A000758DD /* MSTTabBarController.m */ = {isa = PBXFileReference; fileEncoding = 4; lastKnownFileType = sourcecode.c.objc; path = MSTTabBarController.m; sourceTree = "<group>"; };
		84E31E322539320A000758DD /* MSTBaseViewController.m */ = {isa = PBXFileReference; fileEncoding = 4; lastKnownFileType = sourcecode.c.objc; path = MSTBaseViewController.m; sourceTree = "<group>"; };
		84E31E352539320A000758DD /* MSTBaseNaivgationController.h */ = {isa = PBXFileReference; fileEncoding = 4; lastKnownFileType = sourcecode.c.h; path = MSTBaseNaivgationController.h; sourceTree = "<group>"; };
		84E31E6B253932A6000758DD /* PrefixHeader.pch */ = {isa = PBXFileReference; lastKnownFileType = sourcecode.c.h; path = PrefixHeader.pch; sourceTree = "<group>"; };
		84E31E7E25393666000758DD /* MSTHomeViewController.h */ = {isa = PBXFileReference; lastKnownFileType = sourcecode.c.h; path = MSTHomeViewController.h; sourceTree = "<group>"; };
		84E31E7F25393666000758DD /* MSTHomeViewController.m */ = {isa = PBXFileReference; lastKnownFileType = sourcecode.c.objc; path = MSTHomeViewController.m; sourceTree = "<group>"; };
		84E31E8425393689000758DD /* MSTLiveViewController.h */ = {isa = PBXFileReference; lastKnownFileType = sourcecode.c.h; path = MSTLiveViewController.h; sourceTree = "<group>"; };
		84E31E8525393689000758DD /* MSTLiveViewController.m */ = {isa = PBXFileReference; lastKnownFileType = sourcecode.c.objc; path = MSTLiveViewController.m; sourceTree = "<group>"; };
		84E31E8A25393690000758DD /* MSTMineViewController.h */ = {isa = PBXFileReference; lastKnownFileType = sourcecode.c.h; path = MSTMineViewController.h; sourceTree = "<group>"; };
		84E31E8B25393690000758DD /* MSTMineViewController.m */ = {isa = PBXFileReference; lastKnownFileType = sourcecode.c.objc; path = MSTMineViewController.m; sourceTree = "<group>"; };
		84E31EBE25393B9F000758DD /* LaunchScreen.storyboard */ = {isa = PBXFileReference; fileEncoding = 4; lastKnownFileType = file.storyboard; path = LaunchScreen.storyboard; sourceTree = "<group>"; };
		84E31EBF25393B9F000758DD /* Main.storyboard */ = {isa = PBXFileReference; fileEncoding = 4; lastKnownFileType = file.storyboard; path = Main.storyboard; sourceTree = "<group>"; };
		EBF0AC5638D0F3ED984AE998 /* libPods-MST.a */ = {isa = PBXFileReference; explicitFileType = archive.ar; includeInIndex = 0; path = "libPods-MST.a"; sourceTree = BUILT_PRODUCTS_DIR; };
/* End PBXFileReference section */

/* Begin PBXFrameworksBuildPhase section */
		84E31D7B25392D25000758DD /* Frameworks */ = {
			isa = PBXFrameworksBuildPhase;
			buildActionMask = 2147483647;
			files = (
				8A86425285D6C8079E8EA96A /* libPods-MST.a in Frameworks */,
			);
			runOnlyForDeploymentPostprocessing = 0;
		};
		84E31D9625392D27000758DD /* Frameworks */ = {
			isa = PBXFrameworksBuildPhase;
			buildActionMask = 2147483647;
			files = (
			);
			runOnlyForDeploymentPostprocessing = 0;
		};
		84E31DA125392D27000758DD /* Frameworks */ = {
			isa = PBXFrameworksBuildPhase;
			buildActionMask = 2147483647;
			files = (
			);
			runOnlyForDeploymentPostprocessing = 0;
		};
/* End PBXFrameworksBuildPhase section */

/* Begin PBXGroup section */
		19D858F949734052E21B9D4E /* Frameworks */ = {
			isa = PBXGroup;
			children = (
				EBF0AC5638D0F3ED984AE998 /* libPods-MST.a */,
			);
			name = Frameworks;
			sourceTree = "<group>";
		};
		2252FA96D5EA252A80CBB971 /* Pods */ = {
			isa = PBXGroup;
			children = (
				0233A3DD12E4FE8AD35B7428 /* Pods-MST.debug.xcconfig */,
				1ED30EF69862150A0FE886C5 /* Pods-MST.release.xcconfig */,
			);
			path = Pods;
			sourceTree = "<group>";
		};
		84E31D7525392D25000758DD = {
			isa = PBXGroup;
			children = (
				84E31D8025392D25000758DD /* MST */,
				84E31D9C25392D27000758DD /* MSTTests */,
				84E31DA725392D27000758DD /* MSTUITests */,
				84E31D7F25392D25000758DD /* Products */,
				2252FA96D5EA252A80CBB971 /* Pods */,
				19D858F949734052E21B9D4E /* Frameworks */,
			);
			sourceTree = "<group>";
		};
		84E31D7F25392D25000758DD /* Products */ = {
			isa = PBXGroup;
			children = (
				84E31D7E25392D25000758DD /* MST.app */,
				84E31D9925392D27000758DD /* MSTTests.xctest */,
				84E31DA425392D27000758DD /* MSTUITests.xctest */,
			);
			name = Products;
			sourceTree = "<group>";
		};
		84E31D8025392D25000758DD /* MST */ = {
			isa = PBXGroup;
			children = (
				84E31DD325393168000758DD /* Main */,
				84E31DD225393163000758DD /* Vender */,
				84E31DE72539320A000758DD /* Expand */,
				84E31DD125393163000758DD /* Resource */,
			);
			path = MST;
			sourceTree = "<group>";
		};
		84E31D9C25392D27000758DD /* MSTTests */ = {
			isa = PBXGroup;
			children = (
				84E31D9D25392D27000758DD /* MSTTests.m */,
				84E31D9F25392D27000758DD /* Info.plist */,
			);
			path = MSTTests;
			sourceTree = "<group>";
		};
		84E31DA725392D27000758DD /* MSTUITests */ = {
			isa = PBXGroup;
			children = (
				84E31DA825392D27000758DD /* MSTUITests.m */,
				84E31DAA25392D27000758DD /* Info.plist */,
			);
			path = MSTUITests;
			sourceTree = "<group>";
		};
		84E31DD125393163000758DD /* Resource */ = {
			isa = PBXGroup;
			children = (
				84E31EBE25393B9F000758DD /* LaunchScreen.storyboard */,
				84E31EBF25393B9F000758DD /* Main.storyboard */,
				84E31D8125392D25000758DD /* AppDelegate.h */,
				84E31D8225392D25000758DD /* AppDelegate.m */,
				84E31E6B253932A6000758DD /* PrefixHeader.pch */,
				84E31D9225392D27000758DD /* Info.plist */,
				84E31D9325392D27000758DD /* main.m */,
				84E31D8D25392D27000758DD /* Assets.xcassets */,
			);
			path = Resource;
			sourceTree = "<group>";
		};
		84E31DD225393163000758DD /* Vender */ = {
			isa = PBXGroup;
			children = (
			);
			path = Vender;
			sourceTree = "<group>";
		};
		84E31DD325393168000758DD /* Main */ = {
			isa = PBXGroup;
			children = (
				84E31DDB253931BD000758DD /* Home */,
				84E31DDF253931BD000758DD /* Live */,
				84E31DE3253931BD000758DD /* Mine */,
			);
			path = Main;
			sourceTree = "<group>";
		};
		84E31DDB253931BD000758DD /* Home */ = {
			isa = PBXGroup;
			children = (
				84E31DDE253931BD000758DD /* ViewController */,
				84E31DDD253931BD000758DD /* View */,
				84E31DDC253931BD000758DD /* Model */,
			);
			path = Home;
			sourceTree = "<group>";
		};
		84E31DDC253931BD000758DD /* Model */ = {
			isa = PBXGroup;
			children = (
			);
			path = Model;
			sourceTree = "<group>";
		};
		84E31DDD253931BD000758DD /* View */ = {
			isa = PBXGroup;
			children = (
			);
			path = View;
			sourceTree = "<group>";
		};
		84E31DDE253931BD000758DD /* ViewController */ = {
			isa = PBXGroup;
			children = (
				84E31E7E25393666000758DD /* MSTHomeViewController.h */,
				84E31E7F25393666000758DD /* MSTHomeViewController.m */,
			);
			path = ViewController;
			sourceTree = "<group>";
		};
		84E31DDF253931BD000758DD /* Live */ = {
			isa = PBXGroup;
			children = (
				84E31DE2253931BD000758DD /* ViewController */,
				84E31DE1253931BD000758DD /* View */,
				84E31DE0253931BD000758DD /* Model */,
			);
			path = Live;
			sourceTree = "<group>";
		};
		84E31DE0253931BD000758DD /* Model */ = {
			isa = PBXGroup;
			children = (
			);
			path = Model;
			sourceTree = "<group>";
		};
		84E31DE1253931BD000758DD /* View */ = {
			isa = PBXGroup;
			children = (
			);
			path = View;
			sourceTree = "<group>";
		};
		84E31DE2253931BD000758DD /* ViewController */ = {
			isa = PBXGroup;
			children = (
				84E31E8425393689000758DD /* MSTLiveViewController.h */,
				84E31E8525393689000758DD /* MSTLiveViewController.m */,
			);
			path = ViewController;
			sourceTree = "<group>";
		};
		84E31DE3253931BD000758DD /* Mine */ = {
			isa = PBXGroup;
			children = (
				84E31DE6253931BD000758DD /* ViewController */,
				84E31DE5253931BD000758DD /* View */,
				84E31DE4253931BD000758DD /* Model */,
			);
			path = Mine;
			sourceTree = "<group>";
		};
		84E31DE4253931BD000758DD /* Model */ = {
			isa = PBXGroup;
			children = (
			);
			path = Model;
			sourceTree = "<group>";
		};
		84E31DE5253931BD000758DD /* View */ = {
			isa = PBXGroup;
			children = (
			);
			path = View;
			sourceTree = "<group>";
		};
		84E31DE6253931BD000758DD /* ViewController */ = {
			isa = PBXGroup;
			children = (
				84E31E8A25393690000758DD /* MSTMineViewController.h */,
				84E31E8B25393690000758DD /* MSTMineViewController.m */,
			);
			path = ViewController;
			sourceTree = "<group>";
		};
		84E31DE72539320A000758DD /* Expand */ = {
			isa = PBXGroup;
			children = (
				84E31DE82539320A000758DD /* DataRequest */,
				84E31DFC2539320A000758DD /* Category */,
				84E31E272539320A000758DD /* Macros */,
				84E31E2A2539320A000758DD /* Base */,
			);
			path = Expand;
			sourceTree = "<group>";
		};
		84E31DE82539320A000758DD /* DataRequest */ = {
			isa = PBXGroup;
			children = (
			);
			path = DataRequest;
			sourceTree = "<group>";
		};
		84E31DFC2539320A000758DD /* Category */ = {
			isa = PBXGroup;
			children = (
				84E31E022539320A000758DD /* UIView */,
				84E31E0C2539320A000758DD /* NString */,
			);
			path = Category;
			sourceTree = "<group>";
		};
		84E31E022539320A000758DD /* UIView */ = {
			isa = PBXGroup;
			children = (
				84E31E062539320A000758DD /* UIViewExt.h */,
				84E31E042539320A000758DD /* UIViewExt.m */,
			);
			path = UIView;
			sourceTree = "<group>";
		};
		84E31E0C2539320A000758DD /* NString */ = {
			isa = PBXGroup;
			children = (
			);
			path = NString;
			sourceTree = "<group>";
		};
		84E31E272539320A000758DD /* Macros */ = {
			isa = PBXGroup;
			children = (
				84E31E282539320A000758DD /* Macros.h */,
				84E31E292539320A000758DD /* ThirdMacros.h */,
			);
			path = Macros;
			sourceTree = "<group>";
		};
		84E31E2A2539320A000758DD /* Base */ = {
			isa = PBXGroup;
			children = (
				84E31E2B2539320A000758DD /* MSTTabBarController.h */,
				84E31E312539320A000758DD /* MSTTabBarController.m */,
				84E31E2C2539320A000758DD /* MSTBaseViewController.h */,
				84E31E322539320A000758DD /* MSTBaseViewController.m */,
				84E31E352539320A000758DD /* MSTBaseNaivgationController.h */,
				84E31E2E2539320A000758DD /* MSTBaseNaivgationController.m */,
			);
			path = Base;
			sourceTree = "<group>";
		};
/* End PBXGroup section */

/* Begin PBXNativeTarget section */
		84E31D7D25392D25000758DD /* MST */ = {
			isa = PBXNativeTarget;
			buildConfigurationList = 84E31DAD25392D27000758DD /* Build configuration list for PBXNativeTarget "MST" */;
			buildPhases = (
				2E01673D28C8A067398325CD /* [CP] Check Pods Manifest.lock */,
				84E31D7A25392D25000758DD /* Sources */,
				84E31D7B25392D25000758DD /* Frameworks */,
				84E31D7C25392D25000758DD /* Resources */,
				C02DB0459DD1CAEF55942048 /* [CP] Copy Pods Resources */,
			);
			buildRules = (
			);
			dependencies = (
			);
			name = MST;
			productName = MST;
			productReference = 84E31D7E25392D25000758DD /* MST.app */;
			productType = "com.apple.product-type.application";
		};
		84E31D9825392D27000758DD /* MSTTests */ = {
			isa = PBXNativeTarget;
			buildConfigurationList = 84E31DB025392D27000758DD /* Build configuration list for PBXNativeTarget "MSTTests" */;
			buildPhases = (
				84E31D9525392D27000758DD /* Sources */,
				84E31D9625392D27000758DD /* Frameworks */,
				84E31D9725392D27000758DD /* Resources */,
			);
			buildRules = (
			);
			dependencies = (
				84E31D9B25392D27000758DD /* PBXTargetDependency */,
			);
			name = MSTTests;
			productName = MSTTests;
			productReference = 84E31D9925392D27000758DD /* MSTTests.xctest */;
			productType = "com.apple.product-type.bundle.unit-test";
		};
		84E31DA325392D27000758DD /* MSTUITests */ = {
			isa = PBXNativeTarget;
			buildConfigurationList = 84E31DB325392D27000758DD /* Build configuration list for PBXNativeTarget "MSTUITests" */;
			buildPhases = (
				84E31DA025392D27000758DD /* Sources */,
				84E31DA125392D27000758DD /* Frameworks */,
				84E31DA225392D27000758DD /* Resources */,
			);
			buildRules = (
			);
			dependencies = (
				84E31DA625392D27000758DD /* PBXTargetDependency */,
			);
			name = MSTUITests;
			productName = MSTUITests;
			productReference = 84E31DA425392D27000758DD /* MSTUITests.xctest */;
			productType = "com.apple.product-type.bundle.ui-testing";
		};
/* End PBXNativeTarget section */

/* Begin PBXProject section */
		84E31D7625392D25000758DD /* Project object */ = {
			isa = PBXProject;
			attributes = {
				CLASSPREFIX = MST;
				LastUpgradeCheck = 1200;
				TargetAttributes = {
					84E31D7D25392D25000758DD = {
						CreatedOnToolsVersion = 12.0.1;
					};
					84E31D9825392D27000758DD = {
						CreatedOnToolsVersion = 12.0.1;
						TestTargetID = 84E31D7D25392D25000758DD;
					};
					84E31DA325392D27000758DD = {
						CreatedOnToolsVersion = 12.0.1;
						TestTargetID = 84E31D7D25392D25000758DD;
					};
				};
			};
			buildConfigurationList = 84E31D7925392D25000758DD /* Build configuration list for PBXProject "MST" */;
			compatibilityVersion = "Xcode 9.3";
			developmentRegion = en;
			hasScannedForEncodings = 0;
			knownRegions = (
				en,
				Base,
			);
			mainGroup = 84E31D7525392D25000758DD;
			productRefGroup = 84E31D7F25392D25000758DD /* Products */;
			projectDirPath = "";
			projectRoot = "";
			targets = (
				84E31D7D25392D25000758DD /* MST */,
				84E31D9825392D27000758DD /* MSTTests */,
				84E31DA325392D27000758DD /* MSTUITests */,
			);
		};
/* End PBXProject section */

/* Begin PBXResourcesBuildPhase section */
		84E31D7C25392D25000758DD /* Resources */ = {
			isa = PBXResourcesBuildPhase;
			buildActionMask = 2147483647;
			files = (
				84E31EC125393B9F000758DD /* Main.storyboard in Resources */,
				84E31D8E25392D27000758DD /* Assets.xcassets in Resources */,
				84E31EC025393B9F000758DD /* LaunchScreen.storyboard in Resources */,
			);
			runOnlyForDeploymentPostprocessing = 0;
		};
		84E31D9725392D27000758DD /* Resources */ = {
			isa = PBXResourcesBuildPhase;
			buildActionMask = 2147483647;
			files = (
			);
			runOnlyForDeploymentPostprocessing = 0;
		};
		84E31DA225392D27000758DD /* Resources */ = {
			isa = PBXResourcesBuildPhase;
			buildActionMask = 2147483647;
			files = (
			);
			runOnlyForDeploymentPostprocessing = 0;
		};
/* End PBXResourcesBuildPhase section */

/* Begin PBXShellScriptBuildPhase section */
		2E01673D28C8A067398325CD /* [CP] Check Pods Manifest.lock */ = {
			isa = PBXShellScriptBuildPhase;
			buildActionMask = 2147483647;
			files = (
			);
			inputFileListPaths = (
			);
			inputPaths = (
				"${PODS_PODFILE_DIR_PATH}/Podfile.lock",
				"${PODS_ROOT}/Manifest.lock",
			);
			name = "[CP] Check Pods Manifest.lock";
			outputFileListPaths = (
			);
			outputPaths = (
				"$(DERIVED_FILE_DIR)/Pods-MST-checkManifestLockResult.txt",
			);
			runOnlyForDeploymentPostprocessing = 0;
			shellPath = /bin/sh;
			shellScript = "diff \"${PODS_PODFILE_DIR_PATH}/Podfile.lock\" \"${PODS_ROOT}/Manifest.lock\" > /dev/null\nif [ $? != 0 ] ; then\n    # print error to STDERR\n    echo \"error: The sandbox is not in sync with the Podfile.lock. Run 'pod install' or update your CocoaPods installation.\" >&2\n    exit 1\nfi\n# This output is used by Xcode 'outputs' to avoid re-running this script phase.\necho \"SUCCESS\" > \"${SCRIPT_OUTPUT_FILE_0}\"\n";
			showEnvVarsInLog = 0;
		};
		C02DB0459DD1CAEF55942048 /* [CP] Copy Pods Resources */ = {
			isa = PBXShellScriptBuildPhase;
			buildActionMask = 2147483647;
			files = (
			);
			inputFileListPaths = (
			);
			inputPaths = (
				"${PODS_ROOT}/Target Support Files/Pods-MST/Pods-MST-resources.sh",
				"${PODS_ROOT}/IQKeyboardManager/IQKeyboardManager/Resources/IQKeyboardManager.bundle",
				"${PODS_ROOT}/WMPlayer/WMPlayer/WMPlayer.bundle",
			);
			name = "[CP] Copy Pods Resources";
			outputFileListPaths = (
			);
			outputPaths = (
				"${TARGET_BUILD_DIR}/${UNLOCALIZED_RESOURCES_FOLDER_PATH}/IQKeyboardManager.bundle",
				"${TARGET_BUILD_DIR}/${UNLOCALIZED_RESOURCES_FOLDER_PATH}/WMPlayer.bundle",
			);
			runOnlyForDeploymentPostprocessing = 0;
			shellPath = /bin/sh;
			shellScript = "\"${PODS_ROOT}/Target Support Files/Pods-MST/Pods-MST-resources.sh\"\n";
			showEnvVarsInLog = 0;
		};
/* End PBXShellScriptBuildPhase section */

/* Begin PBXSourcesBuildPhase section */
		84E31D7A25392D25000758DD /* Sources */ = {
			isa = PBXSourcesBuildPhase;
			buildActionMask = 2147483647;
			files = (
				84E31D8325392D25000758DD /* AppDelegate.m in Sources */,
				84E31E8625393689000758DD /* MSTLiveViewController.m in Sources */,
				84E31E8025393666000758DD /* MSTHomeViewController.m in Sources */,
				84E31E552539320A000758DD /* MSTTabBarController.m in Sources */,
				84E31E8C25393690000758DD /* MSTMineViewController.m in Sources */,
				84E31E562539320A000758DD /* MSTBaseViewController.m in Sources */,
				84E31E432539320A000758DD /* UIViewExt.m in Sources */,
				84E31E532539320A000758DD /* MSTBaseNaivgationController.m in Sources */,
				84E31D9425392D27000758DD /* main.m in Sources */,
			);
			runOnlyForDeploymentPostprocessing = 0;
		};
		84E31D9525392D27000758DD /* Sources */ = {
			isa = PBXSourcesBuildPhase;
			buildActionMask = 2147483647;
			files = (
				84E31D9E25392D27000758DD /* MSTTests.m in Sources */,
			);
			runOnlyForDeploymentPostprocessing = 0;
		};
		84E31DA025392D27000758DD /* Sources */ = {
			isa = PBXSourcesBuildPhase;
			buildActionMask = 2147483647;
			files = (
				84E31DA925392D27000758DD /* MSTUITests.m in Sources */,
			);
			runOnlyForDeploymentPostprocessing = 0;
		};
/* End PBXSourcesBuildPhase section */

/* Begin PBXTargetDependency section */
		84E31D9B25392D27000758DD /* PBXTargetDependency */ = {
			isa = PBXTargetDependency;
			target = 84E31D7D25392D25000758DD /* MST */;
			targetProxy = 84E31D9A25392D27000758DD /* PBXContainerItemProxy */;
		};
		84E31DA625392D27000758DD /* PBXTargetDependency */ = {
			isa = PBXTargetDependency;
			target = 84E31D7D25392D25000758DD /* MST */;
			targetProxy = 84E31DA525392D27000758DD /* PBXContainerItemProxy */;
		};
/* End PBXTargetDependency section */

/* Begin XCBuildConfiguration section */
		84E31DAB25392D27000758DD /* Debug */ = {
			isa = XCBuildConfiguration;
			buildSettings = {
				ALWAYS_SEARCH_USER_PATHS = NO;
				CLANG_ANALYZER_NONNULL = YES;
				CLANG_ANALYZER_NUMBER_OBJECT_CONVERSION = YES_AGGRESSIVE;
				CLANG_CXX_LANGUAGE_STANDARD = "gnu++14";
				CLANG_CXX_LIBRARY = "libc++";
				CLANG_ENABLE_MODULES = YES;
				CLANG_ENABLE_OBJC_ARC = YES;
				CLANG_ENABLE_OBJC_WEAK = YES;
				CLANG_WARN_BLOCK_CAPTURE_AUTORELEASING = YES;
				CLANG_WARN_BOOL_CONVERSION = YES;
				CLANG_WARN_COMMA = YES;
				CLANG_WARN_CONSTANT_CONVERSION = YES;
				CLANG_WARN_DEPRECATED_OBJC_IMPLEMENTATIONS = YES;
				CLANG_WARN_DIRECT_OBJC_ISA_USAGE = YES_ERROR;
				CLANG_WARN_DOCUMENTATION_COMMENTS = YES;
				CLANG_WARN_EMPTY_BODY = YES;
				CLANG_WARN_ENUM_CONVERSION = YES;
				CLANG_WARN_INFINITE_RECURSION = YES;
				CLANG_WARN_INT_CONVERSION = YES;
				CLANG_WARN_NON_LITERAL_NULL_CONVERSION = YES;
				CLANG_WARN_OBJC_IMPLICIT_RETAIN_SELF = YES;
				CLANG_WARN_OBJC_LITERAL_CONVERSION = YES;
				CLANG_WARN_OBJC_ROOT_CLASS = YES_ERROR;
				CLANG_WARN_QUOTED_INCLUDE_IN_FRAMEWORK_HEADER = YES;
				CLANG_WARN_RANGE_LOOP_ANALYSIS = YES;
				CLANG_WARN_STRICT_PROTOTYPES = YES;
				CLANG_WARN_SUSPICIOUS_MOVE = YES;
				CLANG_WARN_UNGUARDED_AVAILABILITY = YES_AGGRESSIVE;
				CLANG_WARN_UNREACHABLE_CODE = YES;
				CLANG_WARN__DUPLICATE_METHOD_MATCH = YES;
				COPY_PHASE_STRIP = NO;
				DEBUG_INFORMATION_FORMAT = dwarf;
				ENABLE_STRICT_OBJC_MSGSEND = YES;
				ENABLE_TESTABILITY = YES;
				GCC_C_LANGUAGE_STANDARD = gnu11;
				GCC_DYNAMIC_NO_PIC = NO;
				GCC_NO_COMMON_BLOCKS = YES;
				GCC_OPTIMIZATION_LEVEL = 0;
				GCC_PREPROCESSOR_DEFINITIONS = (
					"DEBUG=1",
					"$(inherited)",
				);
				GCC_WARN_64_TO_32_BIT_CONVERSION = YES;
				GCC_WARN_ABOUT_RETURN_TYPE = YES_ERROR;
				GCC_WARN_UNDECLARED_SELECTOR = YES;
				GCC_WARN_UNINITIALIZED_AUTOS = YES_AGGRESSIVE;
				GCC_WARN_UNUSED_FUNCTION = YES;
				GCC_WARN_UNUSED_VARIABLE = YES;
				IPHONEOS_DEPLOYMENT_TARGET = 14.0;
				MTL_ENABLE_DEBUG_INFO = INCLUDE_SOURCE;
				MTL_FAST_MATH = YES;
				ONLY_ACTIVE_ARCH = YES;
				SDKROOT = iphoneos;
			};
			name = Debug;
		};
		84E31DAC25392D27000758DD /* Release */ = {
			isa = XCBuildConfiguration;
			buildSettings = {
				ALWAYS_SEARCH_USER_PATHS = NO;
				CLANG_ANALYZER_NONNULL = YES;
				CLANG_ANALYZER_NUMBER_OBJECT_CONVERSION = YES_AGGRESSIVE;
				CLANG_CXX_LANGUAGE_STANDARD = "gnu++14";
				CLANG_CXX_LIBRARY = "libc++";
				CLANG_ENABLE_MODULES = YES;
				CLANG_ENABLE_OBJC_ARC = YES;
				CLANG_ENABLE_OBJC_WEAK = YES;
				CLANG_WARN_BLOCK_CAPTURE_AUTORELEASING = YES;
				CLANG_WARN_BOOL_CONVERSION = YES;
				CLANG_WARN_COMMA = YES;
				CLANG_WARN_CONSTANT_CONVERSION = YES;
				CLANG_WARN_DEPRECATED_OBJC_IMPLEMENTATIONS = YES;
				CLANG_WARN_DIRECT_OBJC_ISA_USAGE = YES_ERROR;
				CLANG_WARN_DOCUMENTATION_COMMENTS = YES;
				CLANG_WARN_EMPTY_BODY = YES;
				CLANG_WARN_ENUM_CONVERSION = YES;
				CLANG_WARN_INFINITE_RECURSION = YES;
				CLANG_WARN_INT_CONVERSION = YES;
				CLANG_WARN_NON_LITERAL_NULL_CONVERSION = YES;
				CLANG_WARN_OBJC_IMPLICIT_RETAIN_SELF = YES;
				CLANG_WARN_OBJC_LITERAL_CONVERSION = YES;
				CLANG_WARN_OBJC_ROOT_CLASS = YES_ERROR;
				CLANG_WARN_QUOTED_INCLUDE_IN_FRAMEWORK_HEADER = YES;
				CLANG_WARN_RANGE_LOOP_ANALYSIS = YES;
				CLANG_WARN_STRICT_PROTOTYPES = YES;
				CLANG_WARN_SUSPICIOUS_MOVE = YES;
				CLANG_WARN_UNGUARDED_AVAILABILITY = YES_AGGRESSIVE;
				CLANG_WARN_UNREACHABLE_CODE = YES;
				CLANG_WARN__DUPLICATE_METHOD_MATCH = YES;
				COPY_PHASE_STRIP = NO;
				DEBUG_INFORMATION_FORMAT = "dwarf-with-dsym";
				ENABLE_NS_ASSERTIONS = NO;
				ENABLE_STRICT_OBJC_MSGSEND = YES;
				GCC_C_LANGUAGE_STANDARD = gnu11;
				GCC_NO_COMMON_BLOCKS = YES;
				GCC_WARN_64_TO_32_BIT_CONVERSION = YES;
				GCC_WARN_ABOUT_RETURN_TYPE = YES_ERROR;
				GCC_WARN_UNDECLARED_SELECTOR = YES;
				GCC_WARN_UNINITIALIZED_AUTOS = YES_AGGRESSIVE;
				GCC_WARN_UNUSED_FUNCTION = YES;
				GCC_WARN_UNUSED_VARIABLE = YES;
				IPHONEOS_DEPLOYMENT_TARGET = 14.0;
				MTL_ENABLE_DEBUG_INFO = NO;
				MTL_FAST_MATH = YES;
				SDKROOT = iphoneos;
				VALIDATE_PRODUCT = YES;
			};
			name = Release;
		};
		84E31DAE25392D27000758DD /* Debug */ = {
			isa = XCBuildConfiguration;
			baseConfigurationReference = 0233A3DD12E4FE8AD35B7428 /* Pods-MST.debug.xcconfig */;
			buildSettings = {
				ASSETCATALOG_COMPILER_APPICON_NAME = AppIcon;
				ASSETCATALOG_COMPILER_GLOBAL_ACCENT_COLOR_NAME = AccentColor;
				CODE_SIGN_STYLE = Automatic;
				DEVELOPMENT_TEAM = GT3YLBV468;
				INFOPLIST_FILE = "$(SRCROOT)/MST/Resource/Info.plist";
				IPHONEOS_DEPLOYMENT_TARGET = 12.0;
				LD_RUNPATH_SEARCH_PATHS = (
					"$(inherited)",
					"@executable_path/Frameworks",
				);
				PRODUCT_BUNDLE_IDENTIFIER = com.zkr.MST;
				PRODUCT_NAME = "$(TARGET_NAME)";
				TARGETED_DEVICE_FAMILY = 1;
			};
			name = Debug;
		};
		84E31DAF25392D27000758DD /* Release */ = {
			isa = XCBuildConfiguration;
			baseConfigurationReference = 1ED30EF69862150A0FE886C5 /* Pods-MST.release.xcconfig */;
			buildSettings = {
				ASSETCATALOG_COMPILER_APPICON_NAME = AppIcon;
				ASSETCATALOG_COMPILER_GLOBAL_ACCENT_COLOR_NAME = AccentColor;
				CODE_SIGN_STYLE = Automatic;
				DEVELOPMENT_TEAM = GT3YLBV468;
				INFOPLIST_FILE = "$(SRCROOT)/MST/Resource/Info.plist";
				IPHONEOS_DEPLOYMENT_TARGET = 12.0;
				LD_RUNPATH_SEARCH_PATHS = (
					"$(inherited)",
					"@executable_path/Frameworks",
				);
				PRODUCT_BUNDLE_IDENTIFIER = com.zkr.MST;
				PRODUCT_NAME = "$(TARGET_NAME)";
				TARGETED_DEVICE_FAMILY = 1;
			};
			name = Release;
		};
		84E31DB125392D27000758DD /* Debug */ = {
			isa = XCBuildConfiguration;
			buildSettings = {
				BUNDLE_LOADER = "$(TEST_HOST)";
				CODE_SIGN_STYLE = Automatic;
				DEVELOPMENT_TEAM = GT3YLBV468;
				INFOPLIST_FILE = MSTTests/Info.plist;
				IPHONEOS_DEPLOYMENT_TARGET = 14.0;
				LD_RUNPATH_SEARCH_PATHS = (
					"$(inherited)",
					"@executable_path/Frameworks",
					"@loader_path/Frameworks",
				);
				PRODUCT_BUNDLE_IDENTIFIER = com.zkr.shelby.MSTTests;
				PRODUCT_NAME = "$(TARGET_NAME)";
				TARGETED_DEVICE_FAMILY = "1,2";
				TEST_HOST = "$(BUILT_PRODUCTS_DIR)/MST.app/MST";
			};
			name = Debug;
		};
		84E31DB225392D27000758DD /* Release */ = {
			isa = XCBuildConfiguration;
			buildSettings = {
				BUNDLE_LOADER = "$(TEST_HOST)";
				CODE_SIGN_STYLE = Automatic;
				DEVELOPMENT_TEAM = GT3YLBV468;
				INFOPLIST_FILE = MSTTests/Info.plist;
				IPHONEOS_DEPLOYMENT_TARGET = 14.0;
				LD_RUNPATH_SEARCH_PATHS = (
					"$(inherited)",
					"@executable_path/Frameworks",
					"@loader_path/Frameworks",
				);
				PRODUCT_BUNDLE_IDENTIFIER = com.zkr.shelby.MSTTests;
				PRODUCT_NAME = "$(TARGET_NAME)";
				TARGETED_DEVICE_FAMILY = "1,2";
				TEST_HOST = "$(BUILT_PRODUCTS_DIR)/MST.app/MST";
			};
			name = Release;
		};
		84E31DB425392D27000758DD /* Debug */ = {
			isa = XCBuildConfiguration;
			buildSettings = {
				CODE_SIGN_STYLE = Automatic;
				DEVELOPMENT_TEAM = GT3YLBV468;
				INFOPLIST_FILE = MSTUITests/Info.plist;
				LD_RUNPATH_SEARCH_PATHS = (
					"$(inherited)",
					"@executable_path/Frameworks",
					"@loader_path/Frameworks",
				);
				PRODUCT_BUNDLE_IDENTIFIER = com.zkr.shelby.MSTUITests;
				PRODUCT_NAME = "$(TARGET_NAME)";
				TARGETED_DEVICE_FAMILY = "1,2";
				TEST_TARGET_NAME = MST;
			};
			name = Debug;
		};
		84E31DB525392D27000758DD /* Release */ = {
			isa = XCBuildConfiguration;
			buildSettings = {
				CODE_SIGN_STYLE = Automatic;
				DEVELOPMENT_TEAM = GT3YLBV468;
				INFOPLIST_FILE = MSTUITests/Info.plist;
				LD_RUNPATH_SEARCH_PATHS = (
					"$(inherited)",
					"@executable_path/Frameworks",
					"@loader_path/Frameworks",
				);
				PRODUCT_BUNDLE_IDENTIFIER = com.zkr.shelby.MSTUITests;
				PRODUCT_NAME = "$(TARGET_NAME)";
				TARGETED_DEVICE_FAMILY = "1,2";
				TEST_TARGET_NAME = MST;
			};
			name = Release;
		};
/* End XCBuildConfiguration section */

/* Begin XCConfigurationList section */
		84E31D7925392D25000758DD /* Build configuration list for PBXProject "MST" */ = {
			isa = XCConfigurationList;
			buildConfigurations = (
				84E31DAB25392D27000758DD /* Debug */,
				84E31DAC25392D27000758DD /* Release */,
			);
			defaultConfigurationIsVisible = 0;
			defaultConfigurationName = Release;
		};
		84E31DAD25392D27000758DD /* Build configuration list for PBXNativeTarget "MST" */ = {
			isa = XCConfigurationList;
			buildConfigurations = (
				84E31DAE25392D27000758DD /* Debug */,
				84E31DAF25392D27000758DD /* Release */,
			);
			defaultConfigurationIsVisible = 0;
			defaultConfigurationName = Release;
		};
		84E31DB025392D27000758DD /* Build configuration list for PBXNativeTarget "MSTTests" */ = {
			isa = XCConfigurationList;
			buildConfigurations = (
				84E31DB125392D27000758DD /* Debug */,
				84E31DB225392D27000758DD /* Release */,
			);
			defaultConfigurationIsVisible = 0;
			defaultConfigurationName = Release;
		};
		84E31DB325392D27000758DD /* Build configuration list for PBXNativeTarget "MSTUITests" */ = {
			isa = XCConfigurationList;
			buildConfigurations = (
				84E31DB425392D27000758DD /* Debug */,
				84E31DB525392D27000758DD /* Release */,
			);
			defaultConfigurationIsVisible = 0;
			defaultConfigurationName = Release;
		};
/* End XCConfigurationList section */
	};
	rootObject = 84E31D7625392D25000758DD /* Project object */;
}
